<?xml version="1.0" encoding="utf-8"?>
<Project ToolsVersion="4.0" xmlns="http://schemas.microsoft.com/developer/msbuild/2003">
  <ItemGroup>
    <Filter Include="Source Files">
      <UniqueIdentifier>{4FC737F1-C7A5-4376-A066-2A32D752A2FF}</UniqueIdentifier>
      <Extensions>cpp;c;cc;cxx;def;odl;idl;hpj;bat;asm;asmx</Extensions>
    </Filter>
    <Filter Include="Header Files">
      <UniqueIdentifier>{93995380-89BD-4b04-88EB-625FBE52EBFB}</UniqueIdentifier>
      <Extensions>h;hpp;hxx;hm;inl;inc;xsd</Extensions>
    </Filter>
    <Filter Include="Resource Files">
      <UniqueIdentifier>{67DA6AB6-F800-4c08-8B7A-83BB121AAD01}</UniqueIdentifier>
      <Extensions>rc;ico;cur;bmp;dlg;rc2;rct;bin;rgs;gif;jpg;jpeg;jpe;resx;tiff;tif;png;wav;mfcribbon-ms</Extensions>
    </Filter>
    <Filter Include="Header Files\Executor">
      <UniqueIdentifier>{a7f3089b-256f-47e5-bf14-7af896474a60}</UniqueIdentifier>
    </Filter>
  </ItemGroup>
  <ItemGroup>
    <ClInclude Include="WWDisplay.h">
      <Filter>Header Files</Filter>
    </ClInclude>
    <ClInclude Include="WWDisplayWindow.h">
      <Filter>Header Files</Filter>
    </ClInclude>
    <ClInclude Include="WWExecutor.h">
      <Filter>Header Files</Filter>
    </ClInclude>
    <ClInclude Include="WWStorage.h">
      <Filter>Header Files</Filter>
    </ClInclude>
    <ClInclude Include="WWSystemResponse.h">
      <Filter>Header Files</Filter>
    </ClInclude>
    <ClInclude Include="WWTask.h">
      <Filter>Header Files</Filter>
    </ClInclude>
    <ClInclude Include="WWTaskTime.h">
      <Filter>Header Files</Filter>
    </ClInclude>
    <ClInclude Include="WWUtilities.h">
      <Filter>Header Files</Filter>
    </ClInclude>
    <ClInclude Include="WWUtilitiesMonth.h">
      <Filter>Header Files</Filter>
    </ClInclude>
    <ClInclude Include="WWUtilitiesTime.h">
      <Filter>Header Files</Filter>
    </ClInclude>
    <ClInclude Include="WWDisplayFloating.h">
      <Filter>Header Files</Filter>
    </ClInclude>
    <ClInclude Include="WWFileStorage.h">
      <Filter>Header Files</Filter>
    </ClInclude>
    <ClInclude Include="WWHistoryStorage.h">
      <Filter>Header Files</Filter>
    </ClInclude>
    <ClInclude Include="WWConverter.h">
      <Filter>Header Files</Filter>
    </ClInclude>
    <ClInclude Include="WWCommand.h">
      <Filter>Header Files</Filter>
    </ClInclude>
    <ClInclude Include="AddExecutor.h">
      <Filter>Header Files</Filter>
    </ClInclude>
    <ClInclude Include="TaskSorter.h">
      <Filter>Header Files</Filter>
    </ClInclude>
    <ClInclude Include="DeleteExecutor.h">
      <Filter>Header Files</Filter>
    </ClInclude>
    <ClInclude Include="SearchExecutor.h">
      <Filter>Header Files</Filter>
    </ClInclude>
    <ClInclude Include="EditExecutor.h">
      <Filter>Header Files</Filter>
    </ClInclude>
    <ClInclude Include="StatusExecutor.h">
      <Filter>Header Files</Filter>
    </ClInclude>
  </ItemGroup>
  <ItemGroup>
    <ClCompile Include="WWDisplay.cpp">
      <Filter>Source Files</Filter>
    </ClCompile>
    <ClCompile Include="WWDisplayWindow.cpp">
      <Filter>Source Files</Filter>
    </ClCompile>
    <ClCompile Include="WWExecutor.cpp">
      <Filter>Source Files</Filter>
    </ClCompile>
    <ClCompile Include="WWStorage.cpp">
      <Filter>Source Files</Filter>
    </ClCompile>
    <ClCompile Include="WWSystemResponse.cpp">
      <Filter>Source Files</Filter>
    </ClCompile>
    <ClCompile Include="WWTask.cpp">
      <Filter>Source Files</Filter>
    </ClCompile>
    <ClCompile Include="WWTaskTime.cpp">
      <Filter>Source Files</Filter>
    </ClCompile>
    <ClCompile Include="WWUtilities.cpp">
      <Filter>Source Files</Filter>
    </ClCompile>
    <ClCompile Include="WWUtilitiesMonth.cpp">
      <Filter>Source Files</Filter>
    </ClCompile>
    <ClCompile Include="WWConverter.cpp">
      <Filter>Source Files</Filter>
    </ClCompile>
    <ClCompile Include="WWDisplayFloating.cpp">
      <Filter>Source Files</Filter>
    </ClCompile>
    <ClCompile Include="WWFileStorage.cpp">
      <Filter>Source Files</Filter>
    </ClCompile>
    <ClCompile Include="WWHistoryStorage.cpp">
      <Filter>Source Files</Filter>
    </ClCompile>
    <ClCompile Include="WWCommand.cpp">
      <Filter>Source Files</Filter>
    </ClCompile>
    <ClCompile Include="WWUtilitiesTime.cpp">
      <Filter>Source Files</Filter>
    </ClCompile>
    <ClCompile Include="AddExecutor.cpp">
      <Filter>Source Files</Filter>
    </ClCompile>
    <ClCompile Include="TaskSorter.cpp">
      <Filter>Source Files</Filter>
    </ClCompile>
    <ClCompile Include="DeleteExecutor.cpp">
      <Filter>Source Files</Filter>
    </ClCompile>
    <ClCompile Include="SearchExecutor.cpp">
      <Filter>Source Files</Filter>
    </ClCompile>
    <ClCompile Include="EditExecutor.cpp">
      <Filter>Source Files</Filter>
    </ClCompile>
    <ClCompile Include="StatusExecutor.cpp">
      <Filter>Source Files</Filter>
    </ClCompile>
  </ItemGroup>
</Project>